Microsoft Visual Studio Solution File, Format Version 12.00
# Visual Studio Version 17
VisualStudioVersion = 17.5.2.0
MinimumVisualStudioVersion = 10.0.40219.1
Project("{FAE04EC0-301F-11D3-BF4B-00C04F79EFBC}") = "Crypex", "Crypex.csproj", "{0193C8C6-F981-8DEC-5580-1E6DCD9CCECE}"
EndProject
Global
	GlobalSection(SolutionConfigurationPlatforms) = preSolution
		Debug|Any CPU = Debug|Any CPU
		Release|Any CPU = Release|Any CPU
	EndGlobalSection
	GlobalSection(ProjectConfigurationPlatforms) = postSolution
		{0193C8C6-F981-8DEC-5580-1E6DCD9CCECE}.Debug|Any CPU.ActiveCfg = Debug|Any CPU
		{0193C8C6-F981-8DEC-5580-1E6DCD9CCECE}.Debug|Any CPU.Build.0 = Debug|Any CPU
		{0193C8C6-F981-8DEC-5580-1E6DCD9CCECE}.Release|Any CPU.ActiveCfg = Release|Any CPU
		{0193C8C6-F981-8DEC-5580-1E6DCD9CCECE}.Release|Any CPU.Build.0 = Release|Any CPU
	EndGlobalSection
	GlobalSection(SolutionProperties) = preSolution
		HideSolutionNode = FALSE
	EndGlobalSection
	GlobalSection(ExtensibilityGlobals) = postSolution
		SolutionGuid = {60ADEFE2-948A-4A8E-9C8D-864CA1E888BF}
	EndGlobalSection
EndGlobal
